{
  "version": 4,
  "terraform_version": "1.6.6",
  "serial": 4,
  "lineage": "98a3fb51-d845-eed4-c04c-080d1ff57f92",
  "outputs": {},
  "resources": [
    {
      "mode": "data",
      "type": "google_billing_account",
      "name": "acct",
      "provider": "provider[\"registry.terraform.io/hashicorp/google\"]",
      "instances": [
        {
          "schema_version": 0,
          "attributes": {
            "billing_account": null,
            "display_name": "My Billing Account",
            "id": "01119B-C5F23B-0003DF",
            "lookup_projects": true,
            "name": "billingAccounts/01119B-C5F23B-0003DF",
            "open": true,
            "project_ids": [
              "green-space-411522",
              "my-project-gcp-412401",
              "niettzvnftgyudfb"
            ]
          },
          "sensitive_attributes": []
        }
      ]
    },
    {
      "mode": "managed",
      "type": "google_project",
      "name": "testproject",
      "provider": "provider[\"registry.terraform.io/hashicorp/google\"]",
      "instances": [
        {
          "schema_version": 1,
          "attributes": {
            "auto_create_network": true,
            "billing_account": "01119B-C5F23B-0003DF",
            "effective_labels": {},
            "folder_id": null,
            "id": "projects/niettzvnftgyudfb",
            "labels": {},
            "name": "testproject",
            "number": "838699132623",
            "org_id": null,
            "project_id": "niettzvnftgyudfb",
            "skip_delete": null,
            "terraform_labels": {},
            "timeouts": null
          },
          "sensitive_attributes": [],
          "private": "eyJlMmJmYjczMC1lY2FhLTExZTYtOGY4OC0zNDM2M2JjN2M0YzAiOnsiY3JlYXRlIjo2MDAwMDAwMDAwMDAsImRlbGV0ZSI6NjAwMDAwMDAwMDAwLCJyZWFkIjo2MDAwMDAwMDAwMDAsInVwZGF0ZSI6NjAwMDAwMDAwMDAwfSwic2NoZW1hX3ZlcnNpb24iOiIxIn0=",
          "dependencies": [
            "data.google_billing_account.acct",
            "random_string.random"
          ]
        }
      ]
    },
    {
      "mode": "managed",
      "type": "random_string",
      "name": "random",
      "provider": "provider[\"registry.terraform.io/hashicorp/random\"]",
      "instances": [
        {
          "schema_version": 2,
          "attributes": {
            "id": "niettzvnftgyudfb",
            "keepers": null,
            "length": 16,
            "lower": true,
            "min_lower": 0,
            "min_numeric": 0,
            "min_special": 0,
            "min_upper": 0,
            "number": false,
            "numeric": false,
            "override_special": "/@£$",
            "result": "niettzvnftgyudfb",
            "special": false,
            "upper": false
          },
          "sensitive_attributes": []
        }
      ]
    }
  ],
  "check_results": null
}
