{
  "version": 4,
  "terraform_version": "1.6.6",
  "serial": 4,
  "lineage": "1a3e047d-29c6-e4e3-ec3f-77c3fd2d694a",
  "outputs": {},
  "resources": [
    {
      "mode": "managed",
      "type": "google_sql_database",
      "name": "database",
      "provider": "provider[\"registry.terraform.io/hashicorp/google\"]",
      "instances": [
        {
          "schema_version": 0,
          "attributes": {
            "charset": "utf8",
            "collation": "utf8_general_ci",
            "deletion_policy": "DELETE",
            "id": "projects/niettzvnftgyudfb/instances/main-instance/databases/wordpress",
            "instance": "main-instance",
            "name": "wordpress",
            "project": "niettzvnftgyudfb",
            "self_link": "https://sqladmin.googleapis.com/sql/v1beta4/projects/niettzvnftgyudfb/instances/main-instance/databases/wordpress",
            "timeouts": null
          },
          "sensitive_attributes": [],
          "private": "eyJlMmJmYjczMC1lY2FhLTExZTYtOGY4OC0zNDM2M2JjN2M0YzAiOnsiY3JlYXRlIjoxMjAwMDAwMDAwMDAwLCJkZWxldGUiOjEyMDAwMDAwMDAwMDAsInVwZGF0ZSI6MTIwMDAwMDAwMDAwMH19",
          "dependencies": [
            "google_sql_database_instance.main"
          ]
        }
      ]
    },
    {
      "mode": "managed",
      "type": "google_sql_database_instance",
      "name": "main",
      "provider": "provider[\"registry.terraform.io/hashicorp/google\"]",
      "instances": [
        {
          "schema_version": 0,
          "attributes": {
            "available_maintenance_versions": [],
            "clone": [],
            "connection_name": "niettzvnftgyudfb:us-central1:main-instance",
            "database_version": "MYSQL_5_7",
            "deletion_protection": false,
            "dns_name": "",
            "encryption_key_name": null,
            "first_ip_address": "34.29.74.125",
            "id": "main-instance",
            "instance_type": "CLOUD_SQL_INSTANCE",
            "ip_address": [
              {
                "ip_address": "34.29.74.125",
                "time_to_retire": "",
                "type": "PRIMARY"
              }
            ],
            "maintenance_version": "MYSQL_5_7_44.R20231105.01_03",
            "master_instance_name": "",
            "name": "main-instance",
            "private_ip_address": "",
            "project": "niettzvnftgyudfb",
            "psc_service_attachment_link": "",
            "public_ip_address": "34.29.74.125",
            "region": "us-central1",
            "replica_configuration": [],
            "restore_backup_context": [],
            "root_password": null,
            "self_link": "https://sqladmin.googleapis.com/sql/v1beta4/projects/niettzvnftgyudfb/instances/main-instance",
            "server_ca_cert": [
              {
                "cert": "-----BEGIN CERTIFICATE-----\nMIIDfzCCAmegAwIBAgIBADANBgkqhkiG9w0BAQsFADB3MS0wKwYDVQQuEyQyNDlh\nNmQ2MS1hODZmLTQyMjktOGZjZS0xOWUxYzhjYjljNzQxIzAhBgNVBAMTGkdvb2ds\nZSBDbG91ZCBTUUwgU2VydmVyIENBMRQwEgYDVQQKEwtHb29nbGUsIEluYzELMAkG\nA1UEBhMCVVMwHhcNMjQwMTI3MDAxMjI3WhcNMzQwMTI0MDAxMzI3WjB3MS0wKwYD\nVQQuEyQyNDlhNmQ2MS1hODZmLTQyMjktOGZjZS0xOWUxYzhjYjljNzQxIzAhBgNV\nBAMTGkdvb2dsZSBDbG91ZCBTUUwgU2VydmVyIENBMRQwEgYDVQQKEwtHb29nbGUs\nIEluYzELMAkGA1UEBhMCVVMwggEiMA0GCSqGSIb3DQEBAQUAA4IBDwAwggEKAoIB\nAQCq+m7LVdLcT7av5NXiYvCizxaWQuZErj/G/6zrvgThwuCJtCSehRgn2CkbAFUs\nvHALBQxLNhq9FUAAn+JJ+W0k/0RLleOMqHMn/49gkRUF10JAL9xR44Kh17P79Azg\nXElKGnEfwmeZWWUTLTkMCqzpiO6F57XTwSBdLzAze8eZPeNDh9q3pPDv8Qu5leOq\nIOAtgRx32ZuF8yDa4GjQ6Ns8l6MVxiacAP4uF4+eDYIt5D5Ozulk5OrR+5rSsS1J\nnMH7JUDcr775NZ+quBV3IzEP2YBby/ok73UEYwQLcY0ji6MySDCCNCSiKYiDndAw\nFAtOcXvXLP5ATSPjpoLgeaKFAgMBAAGjFjAUMBIGA1UdEwEB/wQIMAYBAf8CAQAw\nDQYJKoZIhvcNAQELBQADggEBAIoWBz24+TZyZSj3wdhibjqreTG5ZZZtxRwPBceT\nZ9zFRlIdQGqk2VeCXAEnrrwuWHxbACJ1KdjjcnxQq3/CRHUUVglcuEuM/HU4PU9P\noUfTpmeJKJ8Y+DKQEtbOr+5mLLqfRX2fw4vUX1kt/R9gTGS8lmy3X1OdF8UPqv+/\n/bXIjQEHrzA3aN1QUzMOvqX6R/Tf+Zx87+FMgY+Wqih1LTJCrAjf+fYFqL5dgRpo\nIP84giohrJzFsiN5MOhJWlZKrniOJDpNM9vIZglHIYWhTwtbwH8vNqJ1LHji+mTG\nBhq/o68iOpkF0p0p0PKmNbTSrvk2f6aQKgGadmAvGcwyv80=\n-----END CERTIFICATE-----",
                "common_name": "C=US,O=Google\\, Inc,CN=Google Cloud SQL Server CA,dnQualifier=249a6d61-a86f-4229-8fce-19e1c8cb9c74",
                "create_time": "2024-01-27T00:12:27.718Z",
                "expiration_time": "2034-01-24T00:13:27.718Z",
                "sha1_fingerprint": "0b89d59420b97272336fde1d28889c55d3f4c03f"
              }
            ],
            "service_account_email_address": "p838699132623-2tep2e@gcp-sa-cloud-sql.iam.gserviceaccount.com",
            "settings": [
              {
                "activation_policy": "ALWAYS",
                "active_directory_config": [],
                "advanced_machine_features": [],
                "availability_type": "ZONAL",
                "backup_configuration": [
                  {
                    "backup_retention_settings": [
                      {
                        "retained_backups": 7,
                        "retention_unit": "COUNT"
                      }
                    ],
                    "binary_log_enabled": false,
                    "enabled": false,
                    "location": "",
                    "point_in_time_recovery_enabled": false,
                    "start_time": "06:00",
                    "transaction_log_retention_days": 7
                  }
                ],
                "collation": "",
                "connector_enforcement": "NOT_REQUIRED",
                "data_cache_config": [],
                "database_flags": [],
                "deletion_protection_enabled": false,
                "deny_maintenance_period": [],
                "disk_autoresize": true,
                "disk_autoresize_limit": 0,
                "disk_size": 10,
                "disk_type": "PD_SSD",
                "edition": "ENTERPRISE",
                "insights_config": [],
                "ip_configuration": [
                  {
                    "allocated_ip_range": "",
                    "authorized_networks": [],
                    "enable_private_path_for_google_cloud_services": false,
                    "ipv4_enabled": true,
                    "private_network": "",
                    "psc_config": [],
                    "require_ssl": false,
                    "ssl_mode": ""
                  }
                ],
                "location_preference": [
                  {
                    "follow_gae_application": "",
                    "secondary_zone": "",
                    "zone": "us-central1-f"
                  }
                ],
                "maintenance_window": [],
                "password_validation_policy": [],
                "pricing_plan": "PER_USE",
                "sql_server_audit_config": [],
                "tier": "db-f1-micro",
                "time_zone": "",
                "user_labels": {},
                "version": 1
              }
            ],
            "timeouts": null
          },
          "sensitive_attributes": [],
          "private": "eyJlMmJmYjczMC1lY2FhLTExZTYtOGY4OC0zNDM2M2JjN2M0YzAiOnsiY3JlYXRlIjoyNDAwMDAwMDAwMDAwLCJkZWxldGUiOjE4MDAwMDAwMDAwMDAsInVwZGF0ZSI6MTgwMDAwMDAwMDAwMH19"
        }
      ]
    },
    {
      "mode": "managed",
      "type": "google_sql_user",
      "name": "users",
      "provider": "provider[\"registry.terraform.io/hashicorp/google\"]",
      "instances": [
        {
          "schema_version": 1,
          "attributes": {
            "deletion_policy": null,
            "host": "me.com",
            "id": "me/me.com/main-instance",
            "instance": "main-instance",
            "name": "me",
            "password": "changeme",
            "password_policy": [],
            "project": "niettzvnftgyudfb",
            "sql_server_user_details": [],
            "timeouts": null,
            "type": ""
          },
          "sensitive_attributes": [],
          "private": "eyJlMmJmYjczMC1lY2FhLTExZTYtOGY4OC0zNDM2M2JjN2M0YzAiOnsiY3JlYXRlIjo2MDAwMDAwMDAwMDAsImRlbGV0ZSI6NjAwMDAwMDAwMDAwLCJ1cGRhdGUiOjYwMDAwMDAwMDAwMH0sInNjaGVtYV92ZXJzaW9uIjoiMSJ9",
          "dependencies": [
            "google_sql_database_instance.main"
          ]
        }
      ]
    }
  ],
  "check_results": null
}
